
Microsoft Visual Studio Solution File, Format Version 12.00
# Visual Studio 15
VisualStudioVersion = 15.0.28307.168
MinimumVisualStudioVersion = 10.0.40219.1
Project("{FAE04EC0-301F-11D3-BF4B-00C04F79EFBC}") = "WebAngularDemo1", "WebAngularDemo1\WebAngularDemo1.csproj", "{662CA68F-9933-4A2C-BC26-DA24D4265B40}"
EndProject
Global
	GlobalSection(SolutionConfigurationPlatforms) = preSolution
		Debug|Any CPU = Debug|Any CPU
		Release|Any CPU = Release|Any CPU
	EndGlobalSection
	GlobalSection(ProjectConfigurationPlatforms) = postSolution
		{662CA68F-9933-4A2C-BC26-DA24D4265B40}.Debug|Any CPU.ActiveCfg = Debug|Any CPU
		{662CA68F-9933-4A2C-BC26-DA24D4265B40}.Debug|Any CPU.Build.0 = Debug|Any CPU
		{662CA68F-9933-4A2C-BC26-DA24D4265B40}.Release|Any CPU.ActiveCfg = Release|Any CPU
		{662CA68F-9933-4A2C-BC26-DA24D4265B40}.Release|Any CPU.Build.0 = Release|Any CPU
	EndGlobalSection
	GlobalSection(SolutionProperties) = preSolution
		HideSolutionNode = FALSE
	EndGlobalSection
	GlobalSection(ExtensibilityGlobals) = postSolution
		SolutionGuid = {84F5BBBE-8220-485C-B7EC-8C684D87DA9C}
	EndGlobalSection
EndGlobal
