
Microsoft Visual Studio Solution File, Format Version 12.00
# Visual Studio 15
VisualStudioVersion = 15.0.28307.168
MinimumVisualStudioVersion = 10.0.40219.1
Project("{FAE04EC0-301F-11D3-BF4B-00C04F79EFBC}") = "WepApi_JWT", "WepApi_JWT\WepApi_JWT.csproj", "{5390C889-E313-4CF3-951F-BE0604E9ACC8}"
EndProject
Global
	GlobalSection(SolutionConfigurationPlatforms) = preSolution
		Debug|Any CPU = Debug|Any CPU
		Release|Any CPU = Release|Any CPU
	EndGlobalSection
	GlobalSection(ProjectConfigurationPlatforms) = postSolution
		{5390C889-E313-4CF3-951F-BE0604E9ACC8}.Debug|Any CPU.ActiveCfg = Debug|Any CPU
		{5390C889-E313-4CF3-951F-BE0604E9ACC8}.Debug|Any CPU.Build.0 = Debug|Any CPU
		{5390C889-E313-4CF3-951F-BE0604E9ACC8}.Release|Any CPU.ActiveCfg = Release|Any CPU
		{5390C889-E313-4CF3-951F-BE0604E9ACC8}.Release|Any CPU.Build.0 = Release|Any CPU
	EndGlobalSection
	GlobalSection(SolutionProperties) = preSolution
		HideSolutionNode = FALSE
	EndGlobalSection
	GlobalSection(ExtensibilityGlobals) = postSolution
		SolutionGuid = {B1195CBF-416F-4FD0-AC1D-7BE8E92533BA}
	EndGlobalSection
EndGlobal
