
Microsoft Visual Studio Solution File, Format Version 12.00
# Visual Studio 15
VisualStudioVersion = 15.0.28307.168
MinimumVisualStudioVersion = 10.0.40219.1
Project("{FAE04EC0-301F-11D3-BF4B-00C04F79EFBC}") = "ContatoWebApi", "ContatoWebApi\ContatoWebApi.csproj", "{3187E142-8C4D-48CB-83FD-50DAF2206B15}"
EndProject
Global
	GlobalSection(SolutionConfigurationPlatforms) = preSolution
		Debug|Any CPU = Debug|Any CPU
		Release|Any CPU = Release|Any CPU
	EndGlobalSection
	GlobalSection(ProjectConfigurationPlatforms) = postSolution
		{3187E142-8C4D-48CB-83FD-50DAF2206B15}.Debug|Any CPU.ActiveCfg = Debug|Any CPU
		{3187E142-8C4D-48CB-83FD-50DAF2206B15}.Debug|Any CPU.Build.0 = Debug|Any CPU
		{3187E142-8C4D-48CB-83FD-50DAF2206B15}.Release|Any CPU.ActiveCfg = Release|Any CPU
		{3187E142-8C4D-48CB-83FD-50DAF2206B15}.Release|Any CPU.Build.0 = Release|Any CPU
	EndGlobalSection
	GlobalSection(SolutionProperties) = preSolution
		HideSolutionNode = FALSE
	EndGlobalSection
	GlobalSection(ExtensibilityGlobals) = postSolution
		SolutionGuid = {CF409AB9-F73F-465E-8601-0271EC899B74}
	EndGlobalSection
EndGlobal
