
Microsoft Visual Studio Solution File, Format Version 12.00
# Visual Studio 15
VisualStudioVersion = 15.0.28307.168
MinimumVisualStudioVersion = 10.0.40219.1
Project("{FAE04EC0-301F-11D3-BF4B-00C04F79EFBC}") = "ApiCors", "ApiCors\ApiCors.csproj", "{3BF626AD-C396-43C0-A5C6-418DF8A7C08B}"
EndProject
Global
	GlobalSection(SolutionConfigurationPlatforms) = preSolution
		Debug|Any CPU = Debug|Any CPU
		Release|Any CPU = Release|Any CPU
	EndGlobalSection
	GlobalSection(ProjectConfigurationPlatforms) = postSolution
		{3BF626AD-C396-43C0-A5C6-418DF8A7C08B}.Debug|Any CPU.ActiveCfg = Debug|Any CPU
		{3BF626AD-C396-43C0-A5C6-418DF8A7C08B}.Debug|Any CPU.Build.0 = Debug|Any CPU
		{3BF626AD-C396-43C0-A5C6-418DF8A7C08B}.Release|Any CPU.ActiveCfg = Release|Any CPU
		{3BF626AD-C396-43C0-A5C6-418DF8A7C08B}.Release|Any CPU.Build.0 = Release|Any CPU
	EndGlobalSection
	GlobalSection(SolutionProperties) = preSolution
		HideSolutionNode = FALSE
	EndGlobalSection
	GlobalSection(ExtensibilityGlobals) = postSolution
		SolutionGuid = {188E0400-2757-4F9C-A6D7-A4B71869018D}
	EndGlobalSection
EndGlobal
