
Microsoft Visual Studio Solution File, Format Version 12.00
# Visual Studio 15
VisualStudioVersion = 15.0.28307.168
MinimumVisualStudioVersion = 10.0.40219.1
Project("{FAE04EC0-301F-11D3-BF4B-00C04F79EFBC}") = "EstudoAngular", "EstudoAngular\EstudoAngular.csproj", "{BE3F4689-46FE-4B82-B6E7-D91567B0B156}"
EndProject
Global
	GlobalSection(SolutionConfigurationPlatforms) = preSolution
		Debug|Any CPU = Debug|Any CPU
		Release|Any CPU = Release|Any CPU
	EndGlobalSection
	GlobalSection(ProjectConfigurationPlatforms) = postSolution
		{BE3F4689-46FE-4B82-B6E7-D91567B0B156}.Debug|Any CPU.ActiveCfg = Debug|Any CPU
		{BE3F4689-46FE-4B82-B6E7-D91567B0B156}.Debug|Any CPU.Build.0 = Debug|Any CPU
		{BE3F4689-46FE-4B82-B6E7-D91567B0B156}.Release|Any CPU.ActiveCfg = Release|Any CPU
		{BE3F4689-46FE-4B82-B6E7-D91567B0B156}.Release|Any CPU.Build.0 = Release|Any CPU
	EndGlobalSection
	GlobalSection(SolutionProperties) = preSolution
		HideSolutionNode = FALSE
	EndGlobalSection
	GlobalSection(ExtensibilityGlobals) = postSolution
		SolutionGuid = {9392FE0B-9B1C-4D50-A383-AD4B4E709781}
	EndGlobalSection
EndGlobal
