
Microsoft Visual Studio Solution File, Format Version 12.00
# Visual Studio 15
VisualStudioVersion = 15.0.28307.168
MinimumVisualStudioVersion = 10.0.40219.1
Project("{FAE04EC0-301F-11D3-BF4B-00C04F79EFBC}") = "WebApiBasica", "WebApiBasica\WebApiBasica.csproj", "{ADA06F9C-CA3B-4B5E-9D94-4E98BE208C74}"
EndProject
Global
	GlobalSection(SolutionConfigurationPlatforms) = preSolution
		Debug|Any CPU = Debug|Any CPU
		Release|Any CPU = Release|Any CPU
	EndGlobalSection
	GlobalSection(ProjectConfigurationPlatforms) = postSolution
		{ADA06F9C-CA3B-4B5E-9D94-4E98BE208C74}.Debug|Any CPU.ActiveCfg = Debug|Any CPU
		{ADA06F9C-CA3B-4B5E-9D94-4E98BE208C74}.Debug|Any CPU.Build.0 = Debug|Any CPU
		{ADA06F9C-CA3B-4B5E-9D94-4E98BE208C74}.Release|Any CPU.ActiveCfg = Release|Any CPU
		{ADA06F9C-CA3B-4B5E-9D94-4E98BE208C74}.Release|Any CPU.Build.0 = Release|Any CPU
	EndGlobalSection
	GlobalSection(SolutionProperties) = preSolution
		HideSolutionNode = FALSE
	EndGlobalSection
	GlobalSection(ExtensibilityGlobals) = postSolution
		SolutionGuid = {2B1E4581-99AC-478D-9AFE-38D32B36BB80}
	EndGlobalSection
EndGlobal
